
Microsoft Visual Studio Solution File, Format Version 12.00
# Visual Studio Version 16
VisualStudioVersion = 16.0.32802.440
MinimumVisualStudioVersion = 10.0.40219.1
Project("{9A19103F-16F7-4668-BE54-9A1E7A4F7556}") = "Ecommerce0", "Ecommerce0\Ecommerce0.csproj", "{DFFE6EED-523C-47CB-9283-E707CA431106}"
EndProject
Global
	GlobalSection(SolutionConfigurationPlatforms) = preSolution
		Debug|Any CPU = Debug|Any CPU
		Release|Any CPU = Release|Any CPU
	EndGlobalSection
	GlobalSection(ProjectConfigurationPlatforms) = postSolution
		{DFFE6EED-523C-47CB-9283-E707CA431106}.Debug|Any CPU.ActiveCfg = Debug|Any CPU
		{DFFE6EED-523C-47CB-9283-E707CA431106}.Debug|Any CPU.Build.0 = Debug|Any CPU
		{DFFE6EED-523C-47CB-9283-E707CA431106}.Release|Any CPU.ActiveCfg = Release|Any CPU
		{DFFE6EED-523C-47CB-9283-E707CA431106}.Release|Any CPU.Build.0 = Release|Any CPU
	EndGlobalSection
	GlobalSection(SolutionProperties) = preSolution
		HideSolutionNode = FALSE
	EndGlobalSection
	GlobalSection(ExtensibilityGlobals) = postSolution
		SolutionGuid = {C2C7D9DA-B6AA-4D61-BA4A-00AC778E012E}
	EndGlobalSection
EndGlobal
